
Microsoft Visual Studio Solution File, Format Version 12.00
# Visual Studio Version 16
VisualStudioVersion = 16.0.29519.181
MinimumVisualStudioVersion = 10.0.40219.1
Project("{8BC9CEB8-8B4A-11D0-8D11-00A0C91BC942}") = "Ball-Sort-Puzzle-Solver", "Ball-Sort-Puzzle-Solver\Ball-Sort-Puzzle-Solver.vcxproj", "{12DBD998-34A5-48D6-BC60-1918656668E3}"
EndProject
Project("{8BC9CEB8-8B4A-11D0-8D11-00A0C91BC942}") = "Ball-Sort-Puzzle-Solver-Tester", "Ball-Sort-Puzzle-Solver-Tester\Ball-Sort-Puzzle-Solver-Tester.vcxproj", "{0AB0940F-4B1A-4912-AEFF-DCF8160F8D11}"
EndProject
Global
	GlobalSection(SolutionConfigurationPlatforms) = preSolution
		Debug|x64 = Debug|x64
		Debug|x86 = Debug|x86
		Release|x64 = Release|x64
		Release|x86 = Release|x86
	EndGlobalSection
	GlobalSection(ProjectConfigurationPlatforms) = postSolution
		{12DBD998-34A5-48D6-BC60-1918656668E3}.Debug|x64.ActiveCfg = Debug|x64
		{12DBD998-34A5-48D6-BC60-1918656668E3}.Debug|x64.Build.0 = Debug|x64
		{12DBD998-34A5-48D6-BC60-1918656668E3}.Debug|x86.ActiveCfg = Debug|Win32
		{12DBD998-34A5-48D6-BC60-1918656668E3}.Debug|x86.Build.0 = Debug|Win32
		{12DBD998-34A5-48D6-BC60-1918656668E3}.Release|x64.ActiveCfg = Release|x64
		{12DBD998-34A5-48D6-BC60-1918656668E3}.Release|x64.Build.0 = Release|x64
		{12DBD998-34A5-48D6-BC60-1918656668E3}.Release|x86.ActiveCfg = Release|Win32
		{12DBD998-34A5-48D6-BC60-1918656668E3}.Release|x86.Build.0 = Release|Win32
		{0AB0940F-4B1A-4912-AEFF-DCF8160F8D11}.Debug|x64.ActiveCfg = Debug|x64
		{0AB0940F-4B1A-4912-AEFF-DCF8160F8D11}.Debug|x64.Build.0 = Debug|x64
		{0AB0940F-4B1A-4912-AEFF-DCF8160F8D11}.Debug|x86.ActiveCfg = Debug|Win32
		{0AB0940F-4B1A-4912-AEFF-DCF8160F8D11}.Debug|x86.Build.0 = Debug|Win32
		{0AB0940F-4B1A-4912-AEFF-DCF8160F8D11}.Release|x64.ActiveCfg = Release|x64
		{0AB0940F-4B1A-4912-AEFF-DCF8160F8D11}.Release|x64.Build.0 = Release|x64
		{0AB0940F-4B1A-4912-AEFF-DCF8160F8D11}.Release|x86.ActiveCfg = Release|Win32
		{0AB0940F-4B1A-4912-AEFF-DCF8160F8D11}.Release|x86.Build.0 = Release|Win32
	EndGlobalSection
	GlobalSection(SolutionProperties) = preSolution
		HideSolutionNode = FALSE
	EndGlobalSection
	GlobalSection(ExtensibilityGlobals) = postSolution
		SolutionGuid = {7B08023B-5B51-4A35-888B-07B26D702949}
	EndGlobalSection
EndGlobal
